
Microsoft Visual Studio Solution File, Format Version 12.00
# Visual Studio 15
VisualStudioVersion = 15.0.27428.2011
MinimumVisualStudioVersion = 10.0.40219.1
Project("{FAE04EC0-301F-11D3-BF4B-00C04F79EFBC}") = "DecoratorPattern", "DecoratorPattern\DecoratorPattern.csproj", "{FC9C8E6C-0780-4212-BD6C-8F2077E20EB1}"
EndProject
Global
	GlobalSection(SolutionConfigurationPlatforms) = preSolution
		Debug|Any CPU = Debug|Any CPU
		Release|Any CPU = Release|Any CPU
	EndGlobalSection
	GlobalSection(ProjectConfigurationPlatforms) = postSolution
		{FC9C8E6C-0780-4212-BD6C-8F2077E20EB1}.Debug|Any CPU.ActiveCfg = Debug|Any CPU
		{FC9C8E6C-0780-4212-BD6C-8F2077E20EB1}.Debug|Any CPU.Build.0 = Debug|Any CPU
		{FC9C8E6C-0780-4212-BD6C-8F2077E20EB1}.Release|Any CPU.ActiveCfg = Release|Any CPU
		{FC9C8E6C-0780-4212-BD6C-8F2077E20EB1}.Release|Any CPU.Build.0 = Release|Any CPU
	EndGlobalSection
	GlobalSection(SolutionProperties) = preSolution
		HideSolutionNode = FALSE
	EndGlobalSection
	GlobalSection(ExtensibilityGlobals) = postSolution
		SolutionGuid = {DDC31F8C-3276-4641-AAA2-6151F5AE8F7D}
	EndGlobalSection
EndGlobal
